{
  "name": "semantic-uplink-rpi5",
  "lockfileVersion": 3,
  "requires": true,
  "packages": {
    "": {
      "dependencies": {
        "openai": "file:codex/latest"
      }
    },
    "codex/latest": {},
    "node_modules/openai": {
      "resolved": "codex/latest",
      "link": true
    }
  }
}
